
Microsoft Visual Studio Solution File, Format Version 12.00
# Visual Studio Version 17
VisualStudioVersion = 17.14.37314.3 d17.14
MinimumVisualStudioVersion = 10.0.40219.1
Project("{FAE04EC0-301F-11D3-BF4B-00C04F79EFBC}") = "industrial-monitoring-platform", "industrial-monitoring-platform\industrial-monitoring-platform.csproj", "{11C9DD1F-5643-4019-8CA7-19C16F4264AB}"
EndProject
Global
	GlobalSection(SolutionConfigurationPlatforms) = preSolution
		Debug|Any CPU = Debug|Any CPU
		Release|Any CPU = Release|Any CPU
	EndGlobalSection
	GlobalSection(ProjectConfigurationPlatforms) = postSolution
		{11C9DD1F-5643-4019-8CA7-19C16F4264AB}.Debug|Any CPU.ActiveCfg = Debug|Any CPU
		{11C9DD1F-5643-4019-8CA7-19C16F4264AB}.Debug|Any CPU.Build.0 = Debug|Any CPU
		{11C9DD1F-5643-4019-8CA7-19C16F4264AB}.Release|Any CPU.ActiveCfg = Release|Any CPU
		{11C9DD1F-5643-4019-8CA7-19C16F4264AB}.Release|Any CPU.Build.0 = Release|Any CPU
	EndGlobalSection
	GlobalSection(SolutionProperties) = preSolution
		HideSolutionNode = FALSE
	EndGlobalSection
	GlobalSection(ExtensibilityGlobals) = postSolution
		SolutionGuid = {41C2E6D1-43CE-4BB2-9A75-C4CFC2F24710}
	EndGlobalSection
EndGlobal
